
Microsoft Visual Studio Solution File, Format Version 12.00
# Visual Studio 2013
VisualStudioVersion = 12.0.21005.1
MinimumVisualStudioVersion = 10.0.40219.1
Project("{8BC9CEB8-8B4A-11D0-8D11-00A0C91BC942}") = "ctf", "ctf\ctf.vcxproj", "{31EC60FA-20F8-4394-8DD3-9325BF68565F}"
EndProject
Project("{8BC9CEB8-8B4A-11D0-8D11-00A0C91BC942}") = "game", "game\game.vcxproj", "{5BF2A236-D960-4644-9AEC-C4DB058E404E}"
EndProject
Project("{8BC9CEB8-8B4A-11D0-8D11-00A0C91BC942}") = "quake2", "quake2.vcxproj", "{9DB07087-A4FA-455F-94A6-782F62F1B83F}"
EndProject
Project("{8BC9CEB8-8B4A-11D0-8D11-00A0C91BC942}") = "ref_gl", "ref_gl\ref_gl.vcxproj", "{9FA665D5-C077-4FB2-BACB-B75FC441242D}"
EndProject
Project("{8BC9CEB8-8B4A-11D0-8D11-00A0C91BC942}") = "ref_soft", "ref_soft\ref_soft.vcxproj", "{49454067-A0C0-4151-B71A-76125C8CCFBA}"
EndProject
Global
	GlobalSection(SolutionConfigurationPlatforms) = preSolution
		Debug Alpha|Win32 = Debug Alpha|Win32
		Debug|Win32 = Debug|Win32
		Release Alpha|Win32 = Release Alpha|Win32
		Release|Win32 = Release|Win32
		Template|Win32 = Template|Win32
	EndGlobalSection
	GlobalSection(ProjectConfigurationPlatforms) = postSolution
		{31EC60FA-20F8-4394-8DD3-9325BF68565F}.Debug Alpha|Win32.ActiveCfg = Debug Alpha|Win32
		{31EC60FA-20F8-4394-8DD3-9325BF68565F}.Debug Alpha|Win32.Build.0 = Debug Alpha|Win32
		{31EC60FA-20F8-4394-8DD3-9325BF68565F}.Debug|Win32.ActiveCfg = Debug|Win32
		{31EC60FA-20F8-4394-8DD3-9325BF68565F}.Debug|Win32.Build.0 = Debug|Win32
		{31EC60FA-20F8-4394-8DD3-9325BF68565F}.Release Alpha|Win32.ActiveCfg = Release Alpha|Win32
		{31EC60FA-20F8-4394-8DD3-9325BF68565F}.Release Alpha|Win32.Build.0 = Release Alpha|Win32
		{31EC60FA-20F8-4394-8DD3-9325BF68565F}.Release|Win32.ActiveCfg = Release|Win32
		{31EC60FA-20F8-4394-8DD3-9325BF68565F}.Release|Win32.Build.0 = Release|Win32
		{31EC60FA-20F8-4394-8DD3-9325BF68565F}.Template|Win32.ActiveCfg = Release Alpha|Win32
		{31EC60FA-20F8-4394-8DD3-9325BF68565F}.Template|Win32.Build.0 = Release Alpha|Win32
		{5BF2A236-D960-4644-9AEC-C4DB058E404E}.Debug Alpha|Win32.ActiveCfg = Debug Alpha|Win32
		{5BF2A236-D960-4644-9AEC-C4DB058E404E}.Debug Alpha|Win32.Build.0 = Debug Alpha|Win32
		{5BF2A236-D960-4644-9AEC-C4DB058E404E}.Debug|Win32.ActiveCfg = Debug|Win32
		{5BF2A236-D960-4644-9AEC-C4DB058E404E}.Debug|Win32.Build.0 = Debug|Win32
		{5BF2A236-D960-4644-9AEC-C4DB058E404E}.Release Alpha|Win32.ActiveCfg = Release Alpha|Win32
		{5BF2A236-D960-4644-9AEC-C4DB058E404E}.Release Alpha|Win32.Build.0 = Release Alpha|Win32
		{5BF2A236-D960-4644-9AEC-C4DB058E404E}.Release|Win32.ActiveCfg = Release|Win32
		{5BF2A236-D960-4644-9AEC-C4DB058E404E}.Release|Win32.Build.0 = Release|Win32
		{5BF2A236-D960-4644-9AEC-C4DB058E404E}.Template|Win32.ActiveCfg = Template|Win32
		{5BF2A236-D960-4644-9AEC-C4DB058E404E}.Template|Win32.Build.0 = Template|Win32
		{9DB07087-A4FA-455F-94A6-782F62F1B83F}.Debug Alpha|Win32.ActiveCfg = Debug Alpha|Win32
		{9DB07087-A4FA-455F-94A6-782F62F1B83F}.Debug Alpha|Win32.Build.0 = Debug Alpha|Win32
		{9DB07087-A4FA-455F-94A6-782F62F1B83F}.Debug|Win32.ActiveCfg = Debug|Win32
		{9DB07087-A4FA-455F-94A6-782F62F1B83F}.Debug|Win32.Build.0 = Debug|Win32
		{9DB07087-A4FA-455F-94A6-782F62F1B83F}.Release Alpha|Win32.ActiveCfg = Release Alpha|Win32
		{9DB07087-A4FA-455F-94A6-782F62F1B83F}.Release Alpha|Win32.Build.0 = Release Alpha|Win32
		{9DB07087-A4FA-455F-94A6-782F62F1B83F}.Release|Win32.ActiveCfg = Release|Win32
		{9DB07087-A4FA-455F-94A6-782F62F1B83F}.Release|Win32.Build.0 = Release|Win32
		{9DB07087-A4FA-455F-94A6-782F62F1B83F}.Template|Win32.ActiveCfg = Template|Win32
		{9DB07087-A4FA-455F-94A6-782F62F1B83F}.Template|Win32.Build.0 = Template|Win32
		{9FA665D5-C077-4FB2-BACB-B75FC441242D}.Debug Alpha|Win32.ActiveCfg = Debug Alpha|Win32
		{9FA665D5-C077-4FB2-BACB-B75FC441242D}.Debug Alpha|Win32.Build.0 = Debug Alpha|Win32
		{9FA665D5-C077-4FB2-BACB-B75FC441242D}.Debug|Win32.ActiveCfg = Debug|Win32
		{9FA665D5-C077-4FB2-BACB-B75FC441242D}.Debug|Win32.Build.0 = Debug|Win32
		{9FA665D5-C077-4FB2-BACB-B75FC441242D}.Release Alpha|Win32.ActiveCfg = Release Alpha|Win32
		{9FA665D5-C077-4FB2-BACB-B75FC441242D}.Release Alpha|Win32.Build.0 = Release Alpha|Win32
		{9FA665D5-C077-4FB2-BACB-B75FC441242D}.Release|Win32.ActiveCfg = Release|Win32
		{9FA665D5-C077-4FB2-BACB-B75FC441242D}.Release|Win32.Build.0 = Release|Win32
		{9FA665D5-C077-4FB2-BACB-B75FC441242D}.Template|Win32.ActiveCfg = Template|Win32
		{9FA665D5-C077-4FB2-BACB-B75FC441242D}.Template|Win32.Build.0 = Template|Win32
		{49454067-A0C0-4151-B71A-76125C8CCFBA}.Debug Alpha|Win32.ActiveCfg = Debug Alpha|Win32
		{49454067-A0C0-4151-B71A-76125C8CCFBA}.Debug Alpha|Win32.Build.0 = Debug Alpha|Win32
		{49454067-A0C0-4151-B71A-76125C8CCFBA}.Debug|Win32.ActiveCfg = Debug|Win32
		{49454067-A0C0-4151-B71A-76125C8CCFBA}.Debug|Win32.Build.0 = Debug|Win32
		{49454067-A0C0-4151-B71A-76125C8CCFBA}.Release Alpha|Win32.ActiveCfg = Release Alpha|Win32
		{49454067-A0C0-4151-B71A-76125C8CCFBA}.Release Alpha|Win32.Build.0 = Release Alpha|Win32
		{49454067-A0C0-4151-B71A-76125C8CCFBA}.Release|Win32.ActiveCfg = Release|Win32
		{49454067-A0C0-4151-B71A-76125C8CCFBA}.Release|Win32.Build.0 = Release|Win32
		{49454067-A0C0-4151-B71A-76125C8CCFBA}.Template|Win32.ActiveCfg = Template|Win32
		{49454067-A0C0-4151-B71A-76125C8CCFBA}.Template|Win32.Build.0 = Template|Win32
	EndGlobalSection
	GlobalSection(SolutionProperties) = preSolution
		HideSolutionNode = FALSE
	EndGlobalSection
EndGlobal
